dependencies:
  idf:
    source:
      type: idf
    version: 5.5.2
  joltwallet/littlefs:
    component_hash: 150ca47225f7c9917f7f610a5f85e5e93fe3c15402234c23496ff045ad558b0b
    dependencies:
    - name: idf
      require: private
      version: '>=5.0'
    source:
      registry_url: https://components.espressif.com/
      type: service
    version: 1.20.2
direct_dependencies:
- idf
- joltwallet/littlefs
manifest_hash: ff4b0b01cddb86fe710ecb8fe90983fdab6a922a91a7dcfade112bc73ef373e8
target: esp32c6
version: 2.0.0
